
Microsoft Visual Studio Solution File, Format Version 12.00
# Visual Studio Version 16
VisualStudioVersion = 16.0.29102.190
MinimumVisualStudioVersion = 10.0.40219.1
Project("{FAE04EC0-301F-11D3-BF4B-00C04F79EFBC}") = "stuff4mechina", "stuff4mechina\stuff4mechina.csproj", "{B2CFCF6F-E74E-4C1A-934B-6767BB1FB65B}"
EndProject
Global
	GlobalSection(SolutionConfigurationPlatforms) = preSolution
		Debug|Any CPU = Debug|Any CPU
		Release|Any CPU = Release|Any CPU
	EndGlobalSection
	GlobalSection(ProjectConfigurationPlatforms) = postSolution
		{B2CFCF6F-E74E-4C1A-934B-6767BB1FB65B}.Debug|Any CPU.ActiveCfg = Debug|Any CPU
		{B2CFCF6F-E74E-4C1A-934B-6767BB1FB65B}.Debug|Any CPU.Build.0 = Debug|Any CPU
		{B2CFCF6F-E74E-4C1A-934B-6767BB1FB65B}.Release|Any CPU.ActiveCfg = Release|Any CPU
		{B2CFCF6F-E74E-4C1A-934B-6767BB1FB65B}.Release|Any CPU.Build.0 = Release|Any CPU
	EndGlobalSection
	GlobalSection(SolutionProperties) = preSolution
		HideSolutionNode = FALSE
	EndGlobalSection
	GlobalSection(ExtensibilityGlobals) = postSolution
		SolutionGuid = {6EB0AFD9-9361-4871-B44E-13B114B7727B}
	EndGlobalSection
EndGlobal
